{
  "name": "work-2",
  "version": "1.0.0",
  "lockfileVersion": 1,
  "requires": true,
  "dependencies": {
    "splitting": {
      "version": "1.0.6",
      "resolved": "https://registry.npmjs.org/splitting/-/splitting-1.0.6.tgz",
      "integrity": "sha512-2hYicS/hTy1MgjTi4ST6B298uoLSx854VfTf0FeMmCeE6OiZjEixTOGPLqnNzSaM/y3jwoEYj5pmDzYFwRInPw=="
    },
    "ukiyojs": {
      "version": "3.0.0",
      "resolved": "https://registry.npmjs.org/ukiyojs/-/ukiyojs-3.0.0.tgz",
      "integrity": "sha512-3YhAZs9zDM+r5HZeoIFNbQWDiPju+kXPmkIokICpgV65/DwYgZ44dVugpCXSPb9bUy1en1QMgSgM/paG3SYWuA==",
      "dev": true
    }
  }
}
